// !$*UTF8*$!
{
	archiveVersion = 1;
	classes = {
	};
	objectVersion = 46;
	objects = {

/* Begin PBXBuildFile section */
		D11D529D1F6E5F8A00A9AA4E /* AppDelegate.swift in Sources */ = {isa = PBXBuildFile; fileRef = D11D529C1F6E5F8A00A9AA4E /* AppDelegate.swift */; };
		D11D529F1F6E5F8A00A9AA4E /* ViewController.swift in Sources */ = {isa = PBXBuildFile; fileRef = D11D529E1F6E5F8A00A9AA4E /* ViewController.swift */; };
		D11D52A21F6E5F8A00A9AA4E /* Main.storyboard in Resources */ = {isa = PBXBuildFile; fileRef = D11D52A01F6E5F8A00A9AA4E /* Main.storyboard */; };
		D11D52A41F6E5F8A00A9AA4E /* Assets.xcassets in Resources */ = {isa = PBXBuildFile; fileRef = D11D52A31F6E5F8A00A9AA4E /* Assets.xcassets */; };
		D11D52A71F6E5F8A00A9AA4E /* LaunchScreen.storyboard in Resources */ = {isa = PBXBuildFile; fileRef = D11D52A51F6E5F8A00A9AA4E /* LaunchScreen.storyboard */; };
/* End PBXBuildFile section */

/* Begin PBXFileReference section */
		D11D52991F6E5F8A00A9AA4E /* World Tracking.app */ = {isa = PBXFileReference; explicitFileType = wrapper.application; includeInIndex = 0; path = "World Tracking.app"; sourceTree = BUILT_PRODUCTS_DIR; };
		D11D529C1F6E5F8A00A9AA4E /* AppDelegate.swift */ = {isa = PBXFileReference; lastKnownFileType = sourcecode.swift; path = AppDelegate.swift; sourceTree = "<group>"; };
		D11D529E1F6E5F8A00A9AA4E /* ViewController.swift */ = {isa = PBXFileReference; lastKnownFileType = sourcecode.swift; path = ViewController.swift; sourceTree = "<group>"; };
		D11D52A11F6E5F8A00A9AA4E /* Base */ = {isa = PBXFileReference; lastKnownFileType = file.storyboard; name = Base; path = Base.lproj/Main.storyboard; sourceTree = "<group>"; };
		D11D52A31F6E5F8A00A9AA4E /* Assets.xcassets */ = {isa = PBXFileReference; lastKnownFileType = folder.assetcatalog; path = Assets.xcassets; sourceTree = "<group>"; };
		D11D52A61F6E5F8A00A9AA4E /* Base */ = {isa = PBXFileReference; lastKnownFileType = file.storyboard; name = Base; path = Base.lproj/LaunchScreen.storyboard; sourceTree = "<group>"; };
		D11D52A81F6E5F8A00A9AA4E /* Info.plist */ = {isa = PBXFileReference; lastKnownFileType = text.plist.xml; path = Info.plist; sourceTree = "<group>"; };
/* End PBXFileReference section */

/* Begin PBXFrameworksBuildPhase section */
		D11D52961F6E5F8A00A9AA4E /* Frameworks */ = {
			isa = PBXFrameworksBuildPhase;
			buildActionMask = 2147483647;
			files = (
			);
			runOnlyForDeploymentPostprocessing = 0;
		};
/* End PBXFrameworksBuildPhase section */

/* Begin PBXGroup section */
		D11D52901F6E5F8A00A9AA4E = {
			isa = PBXGroup;
			children = (
				D11D529B1F6E5F8A00A9AA4E /* World Tracking */,
				D11D529A1F6E5F8A00A9AA4E /* Products */,
			);
			sourceTree = "<group>";
		};
		D11D529A1F6E5F8A00A9AA4E /* Products */ = {
			isa = PBXGroup;
			children = (
				D11D52991F6E5F8A00A9AA4E /* World Tracking.app */,
			);
			name = Products;
			sourceTree = "<group>";
		};
		D11D529B1F6E5F8A00A9AA4E /* World Tracking */ = {
			isa = PBXGroup;
			children = (
				D11D529C1F6E5F8A00A9AA4E /* AppDelegate.swift */,
				D11D529E1F6E5F8A00A9AA4E /* ViewController.swift */,
				D11D52A01F6E5F8A00A9AA4E /* Main.storyboard */,
				D11D52A31F6E5F8A00A9AA4E /* Assets.xcassets */,
				D11D52A51F6E5F8A00A9AA4E /* LaunchScreen.storyboard */,
				D11D52A81F6E5F8A00A9AA4E /* Info.plist */,
			);
			path = "World Tracking";
			sourceTree = "<group>";
		};
/* End PBXGroup section */

/* Begin PBXNativeTarget section */
		D11D52981F6E5F8A00A9AA4E /* World Tracking */ = {
			isa = PBXNativeTarget;
			buildConfigurationList = D11D52AB1F6E5F8A00A9AA4E /* Build configuration list for PBXNativeTarget "World Tracking" */;
			buildPhases = (
				D11D52951F6E5F8A00A9AA4E /* Sources */,
				D11D52961F6E5F8A00A9AA4E /* Frameworks */,
				D11D52971F6E5F8A00A9AA4E /* Resources */,
			);
			buildRules = (
			);
			dependencies = (
			);
			name = "World Tracking";
			productName = "World Tracking";
			productReference = D11D52991F6E5F8A00A9AA4E /* World Tracking.app */;
			productType = "com.apple.product-type.application";
		};
/* End PBXNativeTarget section */

/* Begin PBXProject section */
		D11D52911F6E5F8A00A9AA4E /* Project object */ = {
			isa = PBXProject;
			attributes = {
				LastSwiftUpdateCheck = 0830;
				LastUpgradeCheck = 0900;
				ORGANIZATIONNAME = roga;
				TargetAttributes = {
					D11D52981F6E5F8A00A9AA4E = {
						CreatedOnToolsVersion = 8.3.3;
						DevelopmentTeam = RF48TSYWXU;
						ProvisioningStyle = Automatic;
					};
				};
			};
			buildConfigurationList = D11D52941F6E5F8A00A9AA4E /* Build configuration list for PBXProject "World Tracking" */;
			compatibilityVersion = "Xcode 3.2";
			developmentRegion = English;
			hasScannedForEncodings = 0;
			knownRegions = (
				en,
				Base,
			);
			mainGroup = D11D52901F6E5F8A00A9AA4E;
			productRefGroup = D11D529A1F6E5F8A00A9AA4E /* Products */;
			projectDirPath = "";
			projectRoot = "";
			targets = (
				D11D52981F6E5F8A00A9AA4E /* World Tracking */,
			);
		};
/* End PBXProject section */

/* Begin PBXResourcesBuildPhase section */
		D11D52971F6E5F8A00A9AA4E /* Resources */ = {
			isa = PBXResourcesBuildPhase;
			buildActionMask = 2147483647;
			files = (
				D11D52A71F6E5F8A00A9AA4E /* LaunchScreen.storyboard in Resources */,
				D11D52A41F6E5F8A00A9AA4E /* Assets.xcassets in Resources */,
				D11D52A21F6E5F8A00A9AA4E /* Main.storyboard in Resources */,
			);
			runOnlyForDeploymentPostprocessing = 0;
		};
/* End PBXResourcesBuildPhase section */

/* Begin PBXSourcesBuildPhase section */
		D11D52951F6E5F8A00A9AA4E /* Sources */ = {
			isa = PBXSourcesBuildPhase;
			buildActionMask = 2147483647;
			files = (
				D11D529F1F6E5F8A00A9AA4E /* ViewController.swift in Sources */,
				D11D529D1F6E5F8A00A9AA4E /* AppDelegate.swift in Sources */,
			);
			runOnlyForDeploymentPostprocessing = 0;
		};
/* End PBXSourcesBuildPhase section */

/* Begin PBXVariantGroup section */
		D11D52A01F6E5F8A00A9AA4E /* Main.storyboard */ = {
			isa = PBXVariantGroup;
			children = (
				D11D52A11F6E5F8A00A9AA4E /* Base */,
			);
			name = Main.storyboard;
			sourceTree = "<group>";
		};
		D11D52A51F6E5F8A00A9AA4E /* LaunchScreen.storyboard */ = {
			isa = PBXVariantGroup;
			children = (
				D11D52A61F6E5F8A00A9AA4E /* Base */,
			);
			name = LaunchScreen.storyboard;
			sourceTree = "<group>";
		};
/* End PBXVariantGroup section */

/* Begin XCBuildConfiguration section */
		D11D52A91F6E5F8A00A9AA4E /* Debug */ = {
			isa = XCBuildConfiguration;
			buildSettings = {
				ALWAYS_SEARCH_USER_PATHS = NO;
				CLANG_ANALYZER_NONNULL = YES;
				CLANG_ANALYZER_NUMBER_OBJECT_CONVERSION = YES_AGGRESSIVE;
				CLANG_CXX_LANGUAGE_STANDARD = "gnu++0x";
				CLANG_CXX_LIBRARY = "libc++";
				CLANG_ENABLE_MODULES = YES;
				CLANG_ENABLE_OBJC_ARC = YES;
				CLANG_WARN_BLOCK_CAPTURE_AUTORELEASING = YES;
				CLANG_WARN_BOOL_CONVERSION = YES;
				CLANG_WARN_COMMA = YES;
				CLANG_WARN_CONSTANT_CONVERSION = YES;
				CLANG_WARN_DIRECT_OBJC_ISA_USAGE = YES_ERROR;
				CLANG_WARN_DOCUMENTATION_COMMENTS = YES;
				CLANG_WARN_EMPTY_BODY = YES;
				CLANG_WARN_ENUM_CONVERSION = YES;
				CLANG_WARN_INFINITE_RECURSION = YES;
				CLANG_WARN_INT_CONVERSION = YES;
				CLANG_WARN_NON_LITERAL_NULL_CONVERSION = YES;
				CLANG_WARN_OBJC_LITERAL_CONVERSION = YES;
				CLANG_WARN_OBJC_ROOT_CLASS = YES_ERROR;
				CLANG_WARN_RANGE_LOOP_ANALYSIS = YES;
				CLANG_WARN_STRICT_PROTOTYPES = YES;
				CLANG_WARN_SUSPICIOUS_MOVE = YES;
				CLANG_WARN_UNREACHABLE_CODE = YES;
				CLANG_WARN__DUPLICATE_METHOD_MATCH = YES;
				"CODE_SIGN_IDENTITY[sdk=iphoneos*]" = "iPhone Developer";
				COPY_PHASE_STRIP = NO;
				DEBUG_INFORMATION_FORMAT = dwarf;
				ENABLE_STRICT_OBJC_MSGSEND = YES;
				ENABLE_TESTABILITY = YES;
				GCC_C_LANGUAGE_STANDARD = gnu99;
				GCC_DYNAMIC_NO_PIC = NO;
				GCC_NO_COMMON_BLOCKS = YES;
				GCC_OPTIMIZATION_LEVEL = 0;
				GCC_PREPROCESSOR_DEFINITIONS = (
					"DEBUG=1",
					"$(inherited)",
				);
				GCC_WARN_64_TO_32_BIT_CONVERSION = YES;
				GCC_WARN_ABOUT_RETURN_TYPE = YES_ERROR;
				GCC_WARN_UNDECLARED_SELECTOR = YES;
				GCC_WARN_UNINITIALIZED_AUTOS = YES_AGGRESSIVE;
				GCC_WARN_UNUSED_FUNCTION = YES;
				GCC_WARN_UNUSED_VARIABLE = YES;
				IPHONEOS_DEPLOYMENT_TARGET = 11.0;
				MTL_ENABLE_DEBUG_INFO = YES;
				ONLY_ACTIVE_ARCH = YES;
				SDKROOT = iphoneos;
				SWIFT_ACTIVE_COMPILATION_CONDITIONS = DEBUG;
				SWIFT_OPTIMIZATION_LEVEL = "-Onone";
				TARGETED_DEVICE_FAMILY = "1,2";
			};
			name = Debug;
		};
		D11D52AA1F6E5F8A00A9AA4E /* Release */ = {
			isa = XCBuildConfiguration;
			buildSettings = {
				ALWAYS_SEARCH_USER_PATHS = NO;
				CLANG_ANALYZER_NONNULL = YES;
				CLANG_ANALYZER_NUMBER_OBJECT_CONVERSION = YES_AGGRESSIVE;
				CLANG_CXX_LANGUAGE_STANDARD = "gnu++0x";
				CLANG_CXX_LIBRARY = "libc++";
				CLANG_ENABLE_MODULES = YES;
				CLANG_ENABLE_OBJC_ARC = YES;
				CLANG_WARN_BLOCK_CAPTURE_AUTORELEASING = YES;
				CLANG_WARN_BOOL_CONVERSION = YES;
				CLANG_WARN_COMMA = YES;
				CLANG_WARN_CONSTANT_CONVERSION = YES;
				CLANG_WARN_DIRECT_OBJC_ISA_USAGE = YES_ERROR;
				CLANG_WARN_DOCUMENTATION_COMMENTS = YES;
				CLANG_WARN_EMPTY_BODY = YES;
				CLANG_WARN_ENUM_CONVERSION = YES;
				CLANG_WARN_INFINITE_RECURSION = YES;
				CLANG_WARN_INT_CONVERSION = YES;
				CLANG_WARN_NON_LITERAL_NULL_CONVERSION = YES;
				CLANG_WARN_OBJC_LITERAL_CONVERSION = YES;
				CLANG_WARN_OBJC_ROOT_CLASS = YES_ERROR;
				CLANG_WARN_RANGE_LOOP_ANALYSIS = YES;
				CLANG_WARN_STRICT_PROTOTYPES = YES;
				CLANG_WARN_SUSPICIOUS_MOVE = YES;
				CLANG_WARN_UNREACHABLE_CODE = YES;
				CLANG_WARN__DUPLICATE_METHOD_MATCH = YES;
				"CODE_SIGN_IDENTITY[sdk=iphoneos*]" = "iPhone Developer";
				COPY_PHASE_STRIP = NO;
				DEBUG_INFORMATION_FORMAT = "dwarf-with-dsym";
				ENABLE_NS_ASSERTIONS = NO;
				ENABLE_STRICT_OBJC_MSGSEND = YES;
				GCC_C_LANGUAGE_STANDARD = gnu99;
				GCC_NO_COMMON_BLOCKS = YES;
				GCC_WARN_64_TO_32_BIT_CONVERSION = YES;
				GCC_WARN_ABOUT_RETURN_TYPE = YES_ERROR;
				GCC_WARN_UNDECLARED_SELECTOR = YES;
				GCC_WARN_UNINITIALIZED_AUTOS = YES_AGGRESSIVE;
				GCC_WARN_UNUSED_FUNCTION = YES;
				GCC_WARN_UNUSED_VARIABLE = YES;
				IPHONEOS_DEPLOYMENT_TARGET = 11.0;
				MTL_ENABLE_DEBUG_INFO = NO;
				SDKROOT = iphoneos;
				SWIFT_OPTIMIZATION_LEVEL = "-Owholemodule";
				TARGETED_DEVICE_FAMILY = "1,2";
				VALIDATE_PRODUCT = YES;
			};
			name = Release;
		};
		D11D52AC1F6E5F8A00A9AA4E /* Debug */ = {
			isa = XCBuildConfiguration;
			buildSettings = {
				ASSETCATALOG_COMPILER_APPICON_NAME = AppIcon;
				CODE_SIGN_IDENTITY = "iPhone Developer";
				"CODE_SIGN_IDENTITY[sdk=iphoneos*]" = "iPhone Developer";
				CODE_SIGN_STYLE = Automatic;
				DEVELOPMENT_TEAM = RF48TSYWXU;
				INFOPLIST_FILE = "World Tracking/Info.plist";
				LD_RUNPATH_SEARCH_PATHS = "$(inherited) @executable_path/Frameworks";
				PRODUCT_BUNDLE_IDENTIFIER = "com.roga.World-Tracking";
				PRODUCT_NAME = "$(TARGET_NAME)";
				PROVISIONING_PROFILE_SPECIFIER = "";
				SWIFT_VERSION = 3.0;
			};
			name = Debug;
		};
		D11D52AD1F6E5F8A00A9AA4E /* Release */ = {
			isa = XCBuildConfiguration;
			buildSettings = {
				ASSETCATALOG_COMPILER_APPICON_NAME = AppIcon;
				CODE_SIGN_IDENTITY = "iPhone Developer";
				"CODE_SIGN_IDENTITY[sdk=iphoneos*]" = "iPhone Developer";
				CODE_SIGN_STYLE = Automatic;
				DEVELOPMENT_TEAM = RF48TSYWXU;
				INFOPLIST_FILE = "World Tracking/Info.plist";
				LD_RUNPATH_SEARCH_PATHS = "$(inherited) @executable_path/Frameworks";
				PRODUCT_BUNDLE_IDENTIFIER = "com.roga.World-Tracking";
				PRODUCT_NAME = "$(TARGET_NAME)";
				PROVISIONING_PROFILE_SPECIFIER = "";
				SWIFT_VERSION = 3.0;
			};
			name = Release;
		};
/* End XCBuildConfiguration section */

/* Begin XCConfigurationList section */
		D11D52941F6E5F8A00A9AA4E /* Build configuration list for PBXProject "World Tracking" */ = {
			isa = XCConfigurationList;
			buildConfigurations = (
				D11D52A91F6E5F8A00A9AA4E /* Debug */,
				D11D52AA1F6E5F8A00A9AA4E /* Release */,
			);
			defaultConfigurationIsVisible = 0;
			defaultConfigurationName = Release;
		};
		D11D52AB1F6E5F8A00A9AA4E /* Build configuration list for PBXNativeTarget "World Tracking" */ = {
			isa = XCConfigurationList;
			buildConfigurations = (
				D11D52AC1F6E5F8A00A9AA4E /* Debug */,
				D11D52AD1F6E5F8A00A9AA4E /* Release */,
			);
			defaultConfigurationIsVisible = 0;
			defaultConfigurationName = Release;
		};
/* End XCConfigurationList section */
	};
	rootObject = D11D52911F6E5F8A00A9AA4E /* Project object */;
}
